
Microsoft Visual Studio Solution File, Format Version 12.00
# Visual Studio 15
VisualStudioVersion = 15.0.28010.2036
MinimumVisualStudioVersion = 10.0.40219.1
Project("{FAE04EC0-301F-11D3-BF4B-00C04F79EFBC}") = "CoffeeShopManagerment", "CoffeeShopManagerment\CoffeeShopManagerment.csproj", "{C7D2DBA2-E3E4-4A9F-AB7B-2A95D89C99EE}"
EndProject
Project("{FAE04EC0-301F-11D3-BF4B-00C04F79EFBC}") = "CoffeeShopManagerment_BUS", "CoffeeShopManagerment_BUS\CoffeeShopManagerment_BUS.csproj", "{A4328036-DE5B-4204-A90F-AED9FC206D41}"
EndProject
Project("{FAE04EC0-301F-11D3-BF4B-00C04F79EFBC}") = "CoffeeShopManagerment_DTO", "CoffeeShopManagerment_DTO\CoffeeShopManagerment_DTO.csproj", "{79EF6766-471E-478D-957E-29F0DC954175}"
EndProject
Project("{FAE04EC0-301F-11D3-BF4B-00C04F79EFBC}") = "CoffeeShopManagerment_DAO", "CoffeeShopManagerment_DAL\CoffeeShopManagerment_DAO.csproj", "{E651FB75-0784-45B8-8BDC-D84E18454502}"
EndProject
Global
	GlobalSection(SolutionConfigurationPlatforms) = preSolution
		Debug|Any CPU = Debug|Any CPU
		Release|Any CPU = Release|Any CPU
	EndGlobalSection
	GlobalSection(ProjectConfigurationPlatforms) = postSolution
		{C7D2DBA2-E3E4-4A9F-AB7B-2A95D89C99EE}.Debug|Any CPU.ActiveCfg = Debug|Any CPU
		{C7D2DBA2-E3E4-4A9F-AB7B-2A95D89C99EE}.Debug|Any CPU.Build.0 = Debug|Any CPU
		{C7D2DBA2-E3E4-4A9F-AB7B-2A95D89C99EE}.Release|Any CPU.ActiveCfg = Release|Any CPU
		{C7D2DBA2-E3E4-4A9F-AB7B-2A95D89C99EE}.Release|Any CPU.Build.0 = Release|Any CPU
		{A4328036-DE5B-4204-A90F-AED9FC206D41}.Debug|Any CPU.ActiveCfg = Debug|Any CPU
		{A4328036-DE5B-4204-A90F-AED9FC206D41}.Debug|Any CPU.Build.0 = Debug|Any CPU
		{A4328036-DE5B-4204-A90F-AED9FC206D41}.Release|Any CPU.ActiveCfg = Release|Any CPU
		{A4328036-DE5B-4204-A90F-AED9FC206D41}.Release|Any CPU.Build.0 = Release|Any CPU
		{79EF6766-471E-478D-957E-29F0DC954175}.Debug|Any CPU.ActiveCfg = Debug|Any CPU
		{79EF6766-471E-478D-957E-29F0DC954175}.Debug|Any CPU.Build.0 = Debug|Any CPU
		{79EF6766-471E-478D-957E-29F0DC954175}.Release|Any CPU.ActiveCfg = Release|Any CPU
		{79EF6766-471E-478D-957E-29F0DC954175}.Release|Any CPU.Build.0 = Release|Any CPU
		{E651FB75-0784-45B8-8BDC-D84E18454502}.Debug|Any CPU.ActiveCfg = Debug|Any CPU
		{E651FB75-0784-45B8-8BDC-D84E18454502}.Debug|Any CPU.Build.0 = Debug|Any CPU
		{E651FB75-0784-45B8-8BDC-D84E18454502}.Release|Any CPU.ActiveCfg = Release|Any CPU
		{E651FB75-0784-45B8-8BDC-D84E18454502}.Release|Any CPU.Build.0 = Release|Any CPU
	EndGlobalSection
	GlobalSection(SolutionProperties) = preSolution
		HideSolutionNode = FALSE
	EndGlobalSection
	GlobalSection(ExtensibilityGlobals) = postSolution
		SolutionGuid = {E7245D0E-97BB-4C53-8B8B-9A5A9C31DD33}
	EndGlobalSection
EndGlobal
